# This file is automatically @generated by Cargo.
# It is not intended for manual editing.
version = 4

[[package]]
name = "merc-api"
version = "0.0.1"
dependencies = [
 "merc-error",
 "merc-storage",
]

[[package]]
name = "merc-error"
version = "0.0.1"

[[package]]
name = "merc-storage"
version = "0.0.1"
